
Microsoft Visual Studio Solution File, Format Version 12.00
Project("{FAE04EC0-301F-11D3-BF4B-00C04F79EFBC}") = "BrokerWebApi", "BrokerWebApi\BrokerWebApi.csproj", "{2C85EB3E-8601-4E29-8FDA-BED181816FF9}"
EndProject
Project("{FAE04EC0-301F-11D3-BF4B-00C04F79EFBC}") = "BrokerWebAPI.Data", "BrokerWebAPI.Data\BrokerWebAPI.Data.csproj", "{80FC9EF5-1EFC-4DE3-B076-F509A44E00C4}"
EndProject
Project("{FAE04EC0-301F-11D3-BF4B-00C04F79EFBC}") = "BrokerWebAPITests", "BrokerWebAPITests\BrokerWebAPITests.csproj", "{1BE6A12D-8CE2-4F90-AE2B-4DD2C17935DB}"
EndProject
Global
	GlobalSection(SolutionConfigurationPlatforms) = preSolution
		Debug|Any CPU = Debug|Any CPU
		Release|Any CPU = Release|Any CPU
	EndGlobalSection
	GlobalSection(ProjectConfigurationPlatforms) = postSolution
		{2C85EB3E-8601-4E29-8FDA-BED181816FF9}.Debug|Any CPU.ActiveCfg = Debug|Any CPU
		{2C85EB3E-8601-4E29-8FDA-BED181816FF9}.Debug|Any CPU.Build.0 = Debug|Any CPU
		{2C85EB3E-8601-4E29-8FDA-BED181816FF9}.Release|Any CPU.ActiveCfg = Release|Any CPU
		{2C85EB3E-8601-4E29-8FDA-BED181816FF9}.Release|Any CPU.Build.0 = Release|Any CPU
		{80FC9EF5-1EFC-4DE3-B076-F509A44E00C4}.Debug|Any CPU.ActiveCfg = Debug|Any CPU
		{80FC9EF5-1EFC-4DE3-B076-F509A44E00C4}.Debug|Any CPU.Build.0 = Debug|Any CPU
		{80FC9EF5-1EFC-4DE3-B076-F509A44E00C4}.Release|Any CPU.ActiveCfg = Release|Any CPU
		{80FC9EF5-1EFC-4DE3-B076-F509A44E00C4}.Release|Any CPU.Build.0 = Release|Any CPU
		{1BE6A12D-8CE2-4F90-AE2B-4DD2C17935DB}.Debug|Any CPU.ActiveCfg = Debug|Any CPU
		{1BE6A12D-8CE2-4F90-AE2B-4DD2C17935DB}.Debug|Any CPU.Build.0 = Debug|Any CPU
		{1BE6A12D-8CE2-4F90-AE2B-4DD2C17935DB}.Release|Any CPU.ActiveCfg = Release|Any CPU
		{1BE6A12D-8CE2-4F90-AE2B-4DD2C17935DB}.Release|Any CPU.Build.0 = Release|Any CPU
	EndGlobalSection
EndGlobal
